
Microsoft Visual Studio Solution File, Format Version 12.00
# Visual Studio Version 17
VisualStudioVersion = 17.4.33110.190
MinimumVisualStudioVersion = 10.0.40219.1
Project("{FAE04EC0-301F-11D3-BF4B-00C04F79EFBC}") = "StudentAdminPortal.API", "StudentAdminPortal.API.csproj", "{21D298A5-964B-4117-838E-342686FB3156}"
EndProject
Global
	GlobalSection(SolutionConfigurationPlatforms) = preSolution
		Debug|Any CPU = Debug|Any CPU
		Release|Any CPU = Release|Any CPU
	EndGlobalSection
	GlobalSection(ProjectConfigurationPlatforms) = postSolution
		{21D298A5-964B-4117-838E-342686FB3156}.Debug|Any CPU.ActiveCfg = Debug|Any CPU
		{21D298A5-964B-4117-838E-342686FB3156}.Debug|Any CPU.Build.0 = Debug|Any CPU
		{21D298A5-964B-4117-838E-342686FB3156}.Release|Any CPU.ActiveCfg = Release|Any CPU
		{21D298A5-964B-4117-838E-342686FB3156}.Release|Any CPU.Build.0 = Release|Any CPU
	EndGlobalSection
	GlobalSection(SolutionProperties) = preSolution
		HideSolutionNode = FALSE
	EndGlobalSection
	GlobalSection(ExtensibilityGlobals) = postSolution
		SolutionGuid = {778034DD-DC5E-416D-895A-23AAFE729D1D}
	EndGlobalSection
EndGlobal
